<?xml version="1.0" encoding="utf-8"?>
<Project ToolsVersion="4.0" xmlns="http://schemas.microsoft.com/developer/msbuild/2003">
  <ItemGroup>
    <Filter Include="Source Files">
      <UniqueIdentifier>{4FC737F1-C7A5-4376-A066-2A32D752A2FF}</UniqueIdentifier>
      <Extensions>cpp;c;cc;cxx;def;odl;idl;hpj;bat;asm;asmx</Extensions>
    </Filter>
    <Filter Include="Header Files">
      <UniqueIdentifier>{93995380-89BD-4b04-88EB-625FBE52EBFB}</UniqueIdentifier>
      <Extensions>h;hpp;hxx;hm;inl;inc;xsd</Extensions>
    </Filter>
    <Filter Include="Resource Files">
      <UniqueIdentifier>{67DA6AB6-F800-4c08-8B7A-83BB121AAD01}</UniqueIdentifier>
      <Extensions>rc;ico;cur;bmp;dlg;rc2;rct;bin;rgs;gif;jpg;jpeg;jpe;resx;tiff;tif;png;wav;mfcribbon-ms</Extensions>
    </Filter>
    <Filter Include="jsoncpp">
      <UniqueIdentifier>{fd33dac8-ce3d-44fe-84ae-e8abb56e18bd}</UniqueIdentifier>
    </Filter>
    <Filter Include="jsoncpp\include">
      <UniqueIdentifier>{c377fcd9-d402-4b5c-8366-b967854969f6}</UniqueIdentifier>
    </Filter>
    <Filter Include="jsoncpp\source">
      <UniqueIdentifier>{db448f07-7af4-489b-8f40-7925ac8bc96b}</UniqueIdentifier>
    </Filter>
    <Filter Include="openssl">
      <UniqueIdentifier>{df2e0f1f-76dc-4f54-a009-4cb77a5229ad}</UniqueIdentifier>
    </Filter>
    <Filter Include="detours">
      <UniqueIdentifier>{fc63327c-31a5-4997-bffa-599bb7a2edd4}</UniqueIdentifier>
    </Filter>
    <Filter Include="BCMHook">
      <UniqueIdentifier>{e1f3e406-9989-4946-a762-4e70573affa2}</UniqueIdentifier>
    </Filter>
    <Filter Include="sendinput">
      <UniqueIdentifier>{c7e33323-f4ea-43e1-b396-aa157736762a}</UniqueIdentifier>
    </Filter>
    <Filter Include="SendInput">
      <UniqueIdentifier>{c7be5d9f-a57c-4517-af2a-4e819dac17e3}</UniqueIdentifier>
    </Filter>
  </ItemGroup>
  <ItemGroup>
    <ClCompile Include="CustDispatch.cpp">
      <Filter>Source Files</Filter>
    </ClCompile>
    <ClCompile Include="CustIE.cpp">
      <Filter>Source Files</Filter>
    </ClCompile>
    <ClCompile Include="CustIEDoc.cpp">
      <Filter>Source Files</Filter>
    </ClCompile>
    <ClCompile Include="CustIETools.cpp">
      <Filter>Source Files</Filter>
    </ClCompile>
    <ClCompile Include="CustIEView.cpp">
      <Filter>Source Files</Filter>
    </ClCompile>
    <ClCompile Include="DocHostHtmlView.cpp">
      <Filter>Source Files</Filter>
    </ClCompile>
    <ClCompile Include="DocHostSite.cpp">
      <Filter>Source Files</Filter>
    </ClCompile>
    <ClCompile Include="MainFrm.cpp">
      <Filter>Source Files</Filter>
    </ClCompile>
    <ClCompile Include="stdafx.cpp">
      <Filter>Source Files</Filter>
    </ClCompile>
    <ClCompile Include="jsoncpp\src\json_reader.cpp">
      <Filter>jsoncpp\source</Filter>
    </ClCompile>
    <ClCompile Include="jsoncpp\src\json_value.cpp">
      <Filter>jsoncpp\source</Filter>
    </ClCompile>
    <ClCompile Include="jsoncpp\src\json_writer.cpp">
      <Filter>jsoncpp\source</Filter>
    </ClCompile>
    <ClCompile Include="bcmhook\dllload.cpp">
      <Filter>BCMHook</Filter>
    </ClCompile>
    <ClCompile Include="bcmhook\MemoryModule.cpp">
      <Filter>BCMHook</Filter>
    </ClCompile>
    <ClCompile Include="bcmhook\myhook.cpp">
      <Filter>BCMHook</Filter>
    </ClCompile>
    <ClCompile Include="BinaryCode.cpp">
      <Filter>Source Files</Filter>
    </ClCompile>
    <ClCompile Include="SendInput\SimulateInputString.cpp">
      <Filter>sendinput</Filter>
    </ClCompile>
    <ClCompile Include="SendInput\SimulateInputString.cpp">
      <Filter>SendInput</Filter>
    </ClCompile>
  </ItemGroup>
  <ItemGroup>
    <ClInclude Include="CustDispatch.h">
      <Filter>Header Files</Filter>
    </ClInclude>
    <ClInclude Include="CustIE.h">
      <Filter>Header Files</Filter>
    </ClInclude>
    <ClInclude Include="CustIEDoc.h">
      <Filter>Header Files</Filter>
    </ClInclude>
    <ClInclude Include="CustIETools.h">
      <Filter>Header Files</Filter>
    </ClInclude>
    <ClInclude Include="CustIEView.h">
      <Filter>Header Files</Filter>
    </ClInclude>
    <ClInclude Include="DocHostHtmlView.h">
      <Filter>Header Files</Filter>
    </ClInclude>
    <ClInclude Include="DocHostSite.h">
      <Filter>Header Files</Filter>
    </ClInclude>
    <ClInclude Include="MainFrm.h">
      <Filter>Header Files</Filter>
    </ClInclude>
    <ClInclude Include="Resource.h">
      <Filter>Header Files</Filter>
    </ClInclude>
    <ClInclude Include="stdafx.h">
      <Filter>Header Files</Filter>
    </ClInclude>
    <ClInclude Include="targetver.h">
      <Filter>Header Files</Filter>
    </ClInclude>
    <ClInclude Include="jsoncpp\include\json\assertions.h">
      <Filter>jsoncpp\include</Filter>
    </ClInclude>
    <ClInclude Include="jsoncpp\include\json\autolink.h">
      <Filter>jsoncpp\include</Filter>
    </ClInclude>
    <ClInclude Include="jsoncpp\include\json\config.h">
      <Filter>jsoncpp\include</Filter>
    </ClInclude>
    <ClInclude Include="jsoncpp\include\json\features.h">
      <Filter>jsoncpp\include</Filter>
    </ClInclude>
    <ClInclude Include="jsoncpp\include\json\forwards.h">
      <Filter>jsoncpp\include</Filter>
    </ClInclude>
    <ClInclude Include="jsoncpp\include\json\json.h">
      <Filter>jsoncpp\include</Filter>
    </ClInclude>
    <ClInclude Include="jsoncpp\include\json\reader.h">
      <Filter>jsoncpp\include</Filter>
    </ClInclude>
    <ClInclude Include="jsoncpp\include\json\value.h">
      <Filter>jsoncpp\include</Filter>
    </ClInclude>
    <ClInclude Include="jsoncpp\include\json\version.h">
      <Filter>jsoncpp\include</Filter>
    </ClInclude>
    <ClInclude Include="jsoncpp\include\json\writer.h">
      <Filter>jsoncpp\include</Filter>
    </ClInclude>
    <ClInclude Include="jsoncpp\src\json_tool.h">
      <Filter>jsoncpp\source</Filter>
    </ClInclude>
    <ClInclude Include="openssl\include\openssl\aes.h">
      <Filter>openssl</Filter>
    </ClInclude>
    <ClInclude Include="openssl\include\openssl\asn1.h">
      <Filter>openssl</Filter>
    </ClInclude>
    <ClInclude Include="openssl\include\openssl\asn1t.h">
      <Filter>openssl</Filter>
    </ClInclude>
    <ClInclude Include="openssl\include\openssl\async.h">
      <Filter>openssl</Filter>
    </ClInclude>
    <ClInclude Include="openssl\include\openssl\bio.h">
      <Filter>openssl</Filter>
    </ClInclude>
    <ClInclude Include="openssl\include\openssl\blowfish.h">
      <Filter>openssl</Filter>
    </ClInclude>
    <ClInclude Include="openssl\include\openssl\bn.h">
      <Filter>openssl</Filter>
    </ClInclude>
    <ClInclude Include="openssl\include\openssl\buffer.h">
      <Filter>openssl</Filter>
    </ClInclude>
    <ClInclude Include="openssl\include\openssl\camellia.h">
      <Filter>openssl</Filter>
    </ClInclude>
    <ClInclude Include="openssl\include\openssl\cast.h">
      <Filter>openssl</Filter>
    </ClInclude>
    <ClInclude Include="openssl\include\openssl\cmac.h">
      <Filter>openssl</Filter>
    </ClInclude>
    <ClInclude Include="openssl\include\openssl\cms.h">
      <Filter>openssl</Filter>
    </ClInclude>
    <ClInclude Include="openssl\include\openssl\comp.h">
      <Filter>openssl</Filter>
    </ClInclude>
    <ClInclude Include="openssl\include\openssl\conf.h">
      <Filter>openssl</Filter>
    </ClInclude>
    <ClInclude Include="openssl\include\openssl\conf_api.h">
      <Filter>openssl</Filter>
    </ClInclude>
    <ClInclude Include="openssl\include\openssl\crypto.h">
      <Filter>openssl</Filter>
    </ClInclude>
    <ClInclude Include="openssl\include\openssl\des.h">
      <Filter>openssl</Filter>
    </ClInclude>
    <ClInclude Include="openssl\include\openssl\dh.h">
      <Filter>openssl</Filter>
    </ClInclude>
    <ClInclude Include="openssl\include\openssl\dsa.h">
      <Filter>openssl</Filter>
    </ClInclude>
    <ClInclude Include="openssl\include\openssl\dso.h">
      <Filter>openssl</Filter>
    </ClInclude>
    <ClInclude Include="openssl\include\openssl\dtls1.h">
      <Filter>openssl</Filter>
    </ClInclude>
    <ClInclude Include="openssl\include\openssl\e_os2.h">
      <Filter>openssl</Filter>
    </ClInclude>
    <ClInclude Include="openssl\include\openssl\ebcdic.h">
      <Filter>openssl</Filter>
    </ClInclude>
    <ClInclude Include="openssl\include\openssl\ec.h">
      <Filter>openssl</Filter>
    </ClInclude>
    <ClInclude Include="openssl\include\openssl\ecdh.h">
      <Filter>openssl</Filter>
    </ClInclude>
    <ClInclude Include="openssl\include\openssl\ecdsa.h">
      <Filter>openssl</Filter>
    </ClInclude>
    <ClInclude Include="openssl\include\openssl\engine.h">
      <Filter>openssl</Filter>
    </ClInclude>
    <ClInclude Include="openssl\include\openssl\err.h">
      <Filter>openssl</Filter>
    </ClInclude>
    <ClInclude Include="openssl\include\openssl\evp.h">
      <Filter>openssl</Filter>
    </ClInclude>
    <ClInclude Include="openssl\include\openssl\hmac.h">
      <Filter>openssl</Filter>
    </ClInclude>
    <ClInclude Include="openssl\include\openssl\idea.h">
      <Filter>openssl</Filter>
    </ClInclude>
    <ClInclude Include="openssl\include\openssl\jpake.h">
      <Filter>openssl</Filter>
    </ClInclude>
    <ClInclude Include="openssl\include\openssl\lhash.h">
      <Filter>openssl</Filter>
    </ClInclude>
    <ClInclude Include="openssl\include\openssl\md2.h">
      <Filter>openssl</Filter>
    </ClInclude>
    <ClInclude Include="openssl\include\openssl\md4.h">
      <Filter>openssl</Filter>
    </ClInclude>
    <ClInclude Include="openssl\include\openssl\md5.h">
      <Filter>openssl</Filter>
    </ClInclude>
    <ClInclude Include="openssl\include\openssl\mdc2.h">
      <Filter>openssl</Filter>
    </ClInclude>
    <ClInclude Include="openssl\include\openssl\modes.h">
      <Filter>openssl</Filter>
    </ClInclude>
    <ClInclude Include="openssl\include\openssl\obj_mac.h">
      <Filter>openssl</Filter>
    </ClInclude>
    <ClInclude Include="openssl\include\openssl\objects.h">
      <Filter>openssl</Filter>
    </ClInclude>
    <ClInclude Include="openssl\include\openssl\ocsp.h">
      <Filter>openssl</Filter>
    </ClInclude>
    <ClInclude Include="openssl\include\openssl\opensslconf.h">
      <Filter>openssl</Filter>
    </ClInclude>
    <ClInclude Include="openssl\include\openssl\opensslv.h">
      <Filter>openssl</Filter>
    </ClInclude>
    <ClInclude Include="openssl\include\openssl\ossl_typ.h">
      <Filter>openssl</Filter>
    </ClInclude>
    <ClInclude Include="openssl\include\openssl\pem.h">
      <Filter>openssl</Filter>
    </ClInclude>
    <ClInclude Include="openssl\include\openssl\pem2.h">
      <Filter>openssl</Filter>
    </ClInclude>
    <ClInclude Include="openssl\include\openssl\pkcs7.h">
      <Filter>openssl</Filter>
    </ClInclude>
    <ClInclude Include="openssl\include\openssl\pkcs12.h">
      <Filter>openssl</Filter>
    </ClInclude>
    <ClInclude Include="openssl\include\openssl\pqueue.h">
      <Filter>openssl</Filter>
    </ClInclude>
    <ClInclude Include="openssl\include\openssl\rand.h">
      <Filter>openssl</Filter>
    </ClInclude>
    <ClInclude Include="openssl\include\openssl\rc2.h">
      <Filter>openssl</Filter>
    </ClInclude>
    <ClInclude Include="openssl\include\openssl\rc4.h">
      <Filter>openssl</Filter>
    </ClInclude>
    <ClInclude Include="openssl\include\openssl\rc5.h">
      <Filter>openssl</Filter>
    </ClInclude>
    <ClInclude Include="openssl\include\openssl\ripemd.h">
      <Filter>openssl</Filter>
    </ClInclude>
    <ClInclude Include="openssl\include\openssl\rsa.h">
      <Filter>openssl</Filter>
    </ClInclude>
    <ClInclude Include="openssl\include\openssl\safestack.h">
      <Filter>openssl</Filter>
    </ClInclude>
    <ClInclude Include="openssl\include\openssl\seed.h">
      <Filter>openssl</Filter>
    </ClInclude>
    <ClInclude Include="openssl\include\openssl\sha.h">
      <Filter>openssl</Filter>
    </ClInclude>
    <ClInclude Include="openssl\include\openssl\srp.h">
      <Filter>openssl</Filter>
    </ClInclude>
    <ClInclude Include="openssl\include\openssl\srtp.h">
      <Filter>openssl</Filter>
    </ClInclude>
    <ClInclude Include="openssl\include\openssl\ssl.h">
      <Filter>openssl</Filter>
    </ClInclude>
    <ClInclude Include="openssl\include\openssl\ssl2.h">
      <Filter>openssl</Filter>
    </ClInclude>
    <ClInclude Include="openssl\include\openssl\ssl3.h">
      <Filter>openssl</Filter>
    </ClInclude>
    <ClInclude Include="openssl\include\openssl\stack.h">
      <Filter>openssl</Filter>
    </ClInclude>
    <ClInclude Include="openssl\include\openssl\store.h">
      <Filter>openssl</Filter>
    </ClInclude>
    <ClInclude Include="openssl\include\openssl\symhacks.h">
      <Filter>openssl</Filter>
    </ClInclude>
    <ClInclude Include="openssl\include\openssl\tls1.h">
      <Filter>openssl</Filter>
    </ClInclude>
    <ClInclude Include="openssl\include\openssl\ts.h">
      <Filter>openssl</Filter>
    </ClInclude>
    <ClInclude Include="openssl\include\openssl\txt_db.h">
      <Filter>openssl</Filter>
    </ClInclude>
    <ClInclude Include="openssl\include\openssl\ui.h">
      <Filter>openssl</Filter>
    </ClInclude>
    <ClInclude Include="openssl\include\openssl\whrlpool.h">
      <Filter>openssl</Filter>
    </ClInclude>
    <ClInclude Include="openssl\include\openssl\x509.h">
      <Filter>openssl</Filter>
    </ClInclude>
    <ClInclude Include="openssl\include\openssl\x509_vfy.h">
      <Filter>openssl</Filter>
    </ClInclude>
    <ClInclude Include="openssl\include\openssl\x509v3.h">
      <Filter>openssl</Filter>
    </ClInclude>
    <ClInclude Include="detours\include\detours.h">
      <Filter>detours</Filter>
    </ClInclude>
    <ClInclude Include="detours\include\detver.h">
      <Filter>detours</Filter>
    </ClInclude>
    <ClInclude Include="detours\include\syelog.h">
      <Filter>detours</Filter>
    </ClInclude>
    <ClInclude Include="statuscode.h">
      <Filter>Header Files</Filter>
    </ClInclude>
    <ClInclude Include="bcmhook\dllload.h">
      <Filter>BCMHook</Filter>
    </ClInclude>
    <ClInclude Include="bcmhook\MemoryModule.h">
      <Filter>BCMHook</Filter>
    </ClInclude>
    <ClInclude Include="bcmhook\myhook.h">
      <Filter>BCMHook</Filter>
    </ClInclude>
    <ClInclude Include="BinaryCode.h">
      <Filter>Header Files</Filter>
    </ClInclude>
    <ClInclude Include="SendInput\SimulateInputString.h">
      <Filter>sendinput</Filter>
    </ClInclude>
    <ClInclude Include="SendInput\SimulateInputString.h">
      <Filter>SendInput</Filter>
    </ClInclude>
  </ItemGroup>
  <ItemGroup>
    <ResourceCompile Include="CustIE.rc">
      <Filter>Resource Files</Filter>
    </ResourceCompile>
  </ItemGroup>
  <ItemGroup>
    <None Include="jsoncpp\src\json_valueiterator.inl">
      <Filter>jsoncpp\source</Filter>
    </None>
    <None Include="res\CustIEDoc.ico">
      <Filter>Resource Files</Filter>
    </None>
    <None Include="res\Toolbar.bmp">
      <Filter>Resource Files</Filter>
    </None>
  </ItemGroup>
</Project>